
Microsoft Visual Studio Solution File, Format Version 12.00
# Visual Studio 15
VisualStudioVersion = 15.0.28307.1340
MinimumVisualStudioVersion = 10.0.40219.1
Project("{FAE04EC0-301F-11D3-BF4B-00C04F79EFBC}") = "Ejercicio8", "Ejercicio8\Ejercicio8.csproj", "{2E971885-B9C4-4113-96A8-E30F7E4585A9}"
EndProject
Global
	GlobalSection(SolutionConfigurationPlatforms) = preSolution
		Debug|Any CPU = Debug|Any CPU
		Release|Any CPU = Release|Any CPU
	EndGlobalSection
	GlobalSection(ProjectConfigurationPlatforms) = postSolution
		{2E971885-B9C4-4113-96A8-E30F7E4585A9}.Debug|Any CPU.ActiveCfg = Debug|Any CPU
		{2E971885-B9C4-4113-96A8-E30F7E4585A9}.Debug|Any CPU.Build.0 = Debug|Any CPU
		{2E971885-B9C4-4113-96A8-E30F7E4585A9}.Release|Any CPU.ActiveCfg = Release|Any CPU
		{2E971885-B9C4-4113-96A8-E30F7E4585A9}.Release|Any CPU.Build.0 = Release|Any CPU
	EndGlobalSection
	GlobalSection(SolutionProperties) = preSolution
		HideSolutionNode = FALSE
	EndGlobalSection
	GlobalSection(ExtensibilityGlobals) = postSolution
		SolutionGuid = {F7F48C85-CEE6-4204-8542-2898343A9FA1}
	EndGlobalSection
EndGlobal
